
Microsoft Visual Studio Solution File, Format Version 12.00
# Visual Studio 14
VisualStudioVersion = 14.0.25420.1
MinimumVisualStudioVersion = 10.0.40219.1
Project("{FAE04EC0-301F-11D3-BF4B-00C04F79EFBC}") = "TryingServiceStack", "TryingServiceStack\TryingServiceStack.csproj", "{263B0486-B069-4BCA-BB77-E2CCC66C2BAE}"
EndProject
Project("{FAE04EC0-301F-11D3-BF4B-00C04F79EFBC}") = "TryingServiceStack.ServiceModel", "TryingServiceStack.ServiceModel\TryingServiceStack.ServiceModel.csproj", "{491A2293-B001-4E7A-8319-0365C9742A0E}"
EndProject
Project("{FAE04EC0-301F-11D3-BF4B-00C04F79EFBC}") = "TryingServiceStack.Client", "TryingServiceStack.Client\TryingServiceStack.Client.csproj", "{14754584-3A43-4CB0-B818-5BF43E89F39A}"
EndProject
Global
	GlobalSection(SolutionConfigurationPlatforms) = preSolution
		Debug|Any CPU = Debug|Any CPU
		Release|Any CPU = Release|Any CPU
	EndGlobalSection
	GlobalSection(ProjectConfigurationPlatforms) = postSolution
		{263B0486-B069-4BCA-BB77-E2CCC66C2BAE}.Debug|Any CPU.ActiveCfg = Debug|Any CPU
		{263B0486-B069-4BCA-BB77-E2CCC66C2BAE}.Debug|Any CPU.Build.0 = Debug|Any CPU
		{263B0486-B069-4BCA-BB77-E2CCC66C2BAE}.Release|Any CPU.ActiveCfg = Release|Any CPU
		{263B0486-B069-4BCA-BB77-E2CCC66C2BAE}.Release|Any CPU.Build.0 = Release|Any CPU
		{491A2293-B001-4E7A-8319-0365C9742A0E}.Debug|Any CPU.ActiveCfg = Debug|Any CPU
		{491A2293-B001-4E7A-8319-0365C9742A0E}.Debug|Any CPU.Build.0 = Debug|Any CPU
		{491A2293-B001-4E7A-8319-0365C9742A0E}.Release|Any CPU.ActiveCfg = Release|Any CPU
		{491A2293-B001-4E7A-8319-0365C9742A0E}.Release|Any CPU.Build.0 = Release|Any CPU
		{14754584-3A43-4CB0-B818-5BF43E89F39A}.Debug|Any CPU.ActiveCfg = Debug|Any CPU
		{14754584-3A43-4CB0-B818-5BF43E89F39A}.Debug|Any CPU.Build.0 = Debug|Any CPU
		{14754584-3A43-4CB0-B818-5BF43E89F39A}.Release|Any CPU.ActiveCfg = Release|Any CPU
		{14754584-3A43-4CB0-B818-5BF43E89F39A}.Release|Any CPU.Build.0 = Release|Any CPU
	EndGlobalSection
	GlobalSection(SolutionProperties) = preSolution
		HideSolutionNode = FALSE
	EndGlobalSection
EndGlobal
